// !$*UTF8*$!
{
	archiveVersion = 1;
	classes = {
	};
	objectVersion = 46;
	objects = {

/* Begin PBXBuildFile section */
		2BFFE3241CB105980030559B /* main.m in Sources */ = {isa = PBXBuildFile; fileRef = 2BFFE3231CB105980030559B /* main.m */; };
		2BFFE3271CB105980030559B /* AppDelegate.m in Sources */ = {isa = PBXBuildFile; fileRef = 2BFFE3261CB105980030559B /* AppDelegate.m */; };
		2BFFE32A1CB105980030559B /* ViewController.mm in Sources */ = {isa = PBXBuildFile; fileRef = 2BFFE3291CB105980030559B /* ViewController.mm */; };
		2BFFE32D1CB105980030559B /* Main.storyboard in Resources */ = {isa = PBXBuildFile; fileRef = 2BFFE32B1CB105980030559B /* Main.storyboard */; };
		2BFFE32F1CB105990030559B /* Assets.xcassets in Resources */ = {isa = PBXBuildFile; fileRef = 2BFFE32E1CB105990030559B /* Assets.xcassets */; };
		2BFFE3321CB105990030559B /* LaunchScreen.storyboard in Resources */ = {isa = PBXBuildFile; fileRef = 2BFFE3301CB105990030559B /* LaunchScreen.storyboard */; };
		2BFFE33A1CB106000030559B /* opencv2.framework in Frameworks */ = {isa = PBXBuildFile; fileRef = 2BFFE3391CB106000030559B /* opencv2.framework */; };
		2BFFE33C1CB107600030559B /* AssetsLibrary.framework in Frameworks */ = {isa = PBXBuildFile; fileRef = 2BFFE33B1CB107600030559B /* AssetsLibrary.framework */; };
		2BFFE33E1CB1076D0030559B /* CoreGraphics.framework in Frameworks */ = {isa = PBXBuildFile; fileRef = 2BFFE33D1CB1076D0030559B /* CoreGraphics.framework */; };
		2BFFE3401CB107DC0030559B /* summit.jpg in Resources */ = {isa = PBXBuildFile; fileRef = 2BFFE33F1CB107DC0030559B /* summit.jpg */; };
/* End PBXBuildFile section */

/* Begin PBXFileReference section */
		2BFFE31F1CB105980030559B /* OpenCV-HelloWorld.app */ = {isa = PBXFileReference; explicitFileType = wrapper.application; includeInIndex = 0; path = "OpenCV-HelloWorld.app"; sourceTree = BUILT_PRODUCTS_DIR; };
		2BFFE3231CB105980030559B /* main.m */ = {isa = PBXFileReference; lastKnownFileType = sourcecode.c.objc; path = main.m; sourceTree = "<group>"; };
		2BFFE3251CB105980030559B /* AppDelegate.h */ = {isa = PBXFileReference; lastKnownFileType = sourcecode.c.h; path = AppDelegate.h; sourceTree = "<group>"; };
		2BFFE3261CB105980030559B /* AppDelegate.m */ = {isa = PBXFileReference; lastKnownFileType = sourcecode.c.objc; path = AppDelegate.m; sourceTree = "<group>"; };
		2BFFE3281CB105980030559B /* ViewController.h */ = {isa = PBXFileReference; lastKnownFileType = sourcecode.c.h; path = ViewController.h; sourceTree = "<group>"; };
		2BFFE3291CB105980030559B /* ViewController.mm */ = {isa = PBXFileReference; lastKnownFileType = sourcecode.cpp.objcpp; path = ViewController.mm; sourceTree = "<group>"; };
		2BFFE32C1CB105980030559B /* Base */ = {isa = PBXFileReference; lastKnownFileType = file.storyboard; name = Base; path = Base.lproj/Main.storyboard; sourceTree = "<group>"; };
		2BFFE32E1CB105990030559B /* Assets.xcassets */ = {isa = PBXFileReference; lastKnownFileType = folder.assetcatalog; path = Assets.xcassets; sourceTree = "<group>"; };
		2BFFE3311CB105990030559B /* Base */ = {isa = PBXFileReference; lastKnownFileType = file.storyboard; name = Base; path = Base.lproj/LaunchScreen.storyboard; sourceTree = "<group>"; };
		2BFFE3331CB105990030559B /* Info.plist */ = {isa = PBXFileReference; lastKnownFileType = text.plist.xml; path = Info.plist; sourceTree = "<group>"; };
		2BFFE3391CB106000030559B /* opencv2.framework */ = {isa = PBXFileReference; lastKnownFileType = wrapper.framework; name = opencv2.framework; path = ../../../Downloads/opencv2.framework; sourceTree = "<group>"; };
		2BFFE33B1CB107600030559B /* AssetsLibrary.framework */ = {isa = PBXFileReference; lastKnownFileType = wrapper.framework; name = AssetsLibrary.framework; path = System/Library/Frameworks/AssetsLibrary.framework; sourceTree = SDKROOT; };
		2BFFE33D1CB1076D0030559B /* CoreGraphics.framework */ = {isa = PBXFileReference; lastKnownFileType = wrapper.framework; name = CoreGraphics.framework; path = System/Library/Frameworks/CoreGraphics.framework; sourceTree = SDKROOT; };
		2BFFE33F1CB107DC0030559B /* summit.jpg */ = {isa = PBXFileReference; lastKnownFileType = image.jpeg; name = summit.jpg; path = ../../../../Desktop/summit.jpg; sourceTree = "<group>"; };
/* End PBXFileReference section */

/* Begin PBXFrameworksBuildPhase section */
		2BFFE31C1CB105980030559B /* Frameworks */ = {
			isa = PBXFrameworksBuildPhase;
			buildActionMask = 2147483647;
			files = (
				2BFFE33C1CB107600030559B /* AssetsLibrary.framework in Frameworks */,
				2BFFE33E1CB1076D0030559B /* CoreGraphics.framework in Frameworks */,
				2BFFE33A1CB106000030559B /* opencv2.framework in Frameworks */,
			);
			runOnlyForDeploymentPostprocessing = 0;
		};
/* End PBXFrameworksBuildPhase section */

/* Begin PBXGroup section */
		2BFFE3161CB105980030559B = {
			isa = PBXGroup;
			children = (
				2BFFE33D1CB1076D0030559B /* CoreGraphics.framework */,
				2BFFE33B1CB107600030559B /* AssetsLibrary.framework */,
				2BFFE3391CB106000030559B /* opencv2.framework */,
				2BFFE3211CB105980030559B /* OpenCV-HelloWorld */,
				2BFFE3201CB105980030559B /* Products */,
			);
			sourceTree = "<group>";
		};
		2BFFE3201CB105980030559B /* Products */ = {
			isa = PBXGroup;
			children = (
				2BFFE31F1CB105980030559B /* OpenCV-HelloWorld.app */,
			);
			name = Products;
			sourceTree = "<group>";
		};
		2BFFE3211CB105980030559B /* OpenCV-HelloWorld */ = {
			isa = PBXGroup;
			children = (
				2BFFE33F1CB107DC0030559B /* summit.jpg */,
				2BFFE3251CB105980030559B /* AppDelegate.h */,
				2BFFE3261CB105980030559B /* AppDelegate.m */,
				2BFFE3281CB105980030559B /* ViewController.h */,
				2BFFE3291CB105980030559B /* ViewController.mm */,
				2BFFE32B1CB105980030559B /* Main.storyboard */,
				2BFFE32E1CB105990030559B /* Assets.xcassets */,
				2BFFE3301CB105990030559B /* LaunchScreen.storyboard */,
				2BFFE3331CB105990030559B /* Info.plist */,
				2BFFE3221CB105980030559B /* Supporting Files */,
			);
			path = "OpenCV-HelloWorld";
			sourceTree = "<group>";
		};
		2BFFE3221CB105980030559B /* Supporting Files */ = {
			isa = PBXGroup;
			children = (
				2BFFE3231CB105980030559B /* main.m */,
			);
			name = "Supporting Files";
			sourceTree = "<group>";
		};
/* End PBXGroup section */

/* Begin PBXNativeTarget section */
		2BFFE31E1CB105980030559B /* OpenCV-HelloWorld */ = {
			isa = PBXNativeTarget;
			buildConfigurationList = 2BFFE3361CB105990030559B /* Build configuration list for PBXNativeTarget "OpenCV-HelloWorld" */;
			buildPhases = (
				2BFFE31B1CB105980030559B /* Sources */,
				2BFFE31C1CB105980030559B /* Frameworks */,
				2BFFE31D1CB105980030559B /* Resources */,
			);
			buildRules = (
			);
			dependencies = (
			);
			name = "OpenCV-HelloWorld";
			productName = "OpenCV-HelloWorld";
			productReference = 2BFFE31F1CB105980030559B /* OpenCV-HelloWorld.app */;
			productType = "com.apple.product-type.application";
		};
/* End PBXNativeTarget section */

/* Begin PBXProject section */
		2BFFE3171CB105980030559B /* Project object */ = {
			isa = PBXProject;
			attributes = {
				LastUpgradeCheck = 0730;
				ORGANIZATIONNAME = "Leo Boyatzis";
				TargetAttributes = {
					2BFFE31E1CB105980030559B = {
						CreatedOnToolsVersion = 7.3;
					};
				};
			};
			buildConfigurationList = 2BFFE31A1CB105980030559B /* Build configuration list for PBXProject "OpenCV-HelloWorld" */;
			compatibilityVersion = "Xcode 3.2";
			developmentRegion = English;
			hasScannedForEncodings = 0;
			knownRegions = (
				en,
				Base,
			);
			mainGroup = 2BFFE3161CB105980030559B;
			productRefGroup = 2BFFE3201CB105980030559B /* Products */;
			projectDirPath = "";
			projectRoot = "";
			targets = (
				2BFFE31E1CB105980030559B /* OpenCV-HelloWorld */,
			);
		};
/* End PBXProject section */

/* Begin PBXResourcesBuildPhase section */
		2BFFE31D1CB105980030559B /* Resources */ = {
			isa = PBXResourcesBuildPhase;
			buildActionMask = 2147483647;
			files = (
				2BFFE3401CB107DC0030559B /* summit.jpg in Resources */,
				2BFFE3321CB105990030559B /* LaunchScreen.storyboard in Resources */,
				2BFFE32F1CB105990030559B /* Assets.xcassets in Resources */,
				2BFFE32D1CB105980030559B /* Main.storyboard in Resources */,
			);
			runOnlyForDeploymentPostprocessing = 0;
		};
/* End PBXResourcesBuildPhase section */

/* Begin PBXSourcesBuildPhase section */
		2BFFE31B1CB105980030559B /* Sources */ = {
			isa = PBXSourcesBuildPhase;
			buildActionMask = 2147483647;
			files = (
				2BFFE32A1CB105980030559B /* ViewController.mm in Sources */,
				2BFFE3271CB105980030559B /* AppDelegate.m in Sources */,
				2BFFE3241CB105980030559B /* main.m in Sources */,
			);
			runOnlyForDeploymentPostprocessing = 0;
		};
/* End PBXSourcesBuildPhase section */

/* Begin PBXVariantGroup section */
		2BFFE32B1CB105980030559B /* Main.storyboard */ = {
			isa = PBXVariantGroup;
			children = (
				2BFFE32C1CB105980030559B /* Base */,
			);
			name = Main.storyboard;
			sourceTree = "<group>";
		};
		2BFFE3301CB105990030559B /* LaunchScreen.storyboard */ = {
			isa = PBXVariantGroup;
			children = (
				2BFFE3311CB105990030559B /* Base */,
			);
			name = LaunchScreen.storyboard;
			sourceTree = "<group>";
		};
/* End PBXVariantGroup section */

/* Begin XCBuildConfiguration section */
		2BFFE3341CB105990030559B /* Debug */ = {
			isa = XCBuildConfiguration;
			buildSettings = {
				ALWAYS_SEARCH_USER_PATHS = NO;
				CLANG_ANALYZER_NONNULL = YES;
				CLANG_CXX_LANGUAGE_STANDARD = "gnu++0x";
				CLANG_CXX_LIBRARY = "libc++";
				CLANG_ENABLE_MODULES = YES;
				CLANG_ENABLE_OBJC_ARC = YES;
				CLANG_WARN_BOOL_CONVERSION = YES;
				CLANG_WARN_CONSTANT_CONVERSION = YES;
				CLANG_WARN_DIRECT_OBJC_ISA_USAGE = YES_ERROR;
				CLANG_WARN_EMPTY_BODY = YES;
				CLANG_WARN_ENUM_CONVERSION = YES;
				CLANG_WARN_INT_CONVERSION = YES;
				CLANG_WARN_OBJC_ROOT_CLASS = YES_ERROR;
				CLANG_WARN_UNREACHABLE_CODE = YES;
				CLANG_WARN__DUPLICATE_METHOD_MATCH = YES;
				"CODE_SIGN_IDENTITY[sdk=iphoneos*]" = "iPhone Developer";
				COPY_PHASE_STRIP = NO;
				DEBUG_INFORMATION_FORMAT = dwarf;
				ENABLE_STRICT_OBJC_MSGSEND = YES;
				ENABLE_TESTABILITY = YES;
				GCC_C_LANGUAGE_STANDARD = gnu99;
				GCC_DYNAMIC_NO_PIC = NO;
				GCC_NO_COMMON_BLOCKS = YES;
				GCC_OPTIMIZATION_LEVEL = 0;
				GCC_PREPROCESSOR_DEFINITIONS = (
					"DEBUG=1",
					"$(inherited)",
				);
				GCC_WARN_64_TO_32_BIT_CONVERSION = YES;
				GCC_WARN_ABOUT_RETURN_TYPE = YES_ERROR;
				GCC_WARN_UNDECLARED_SELECTOR = YES;
				GCC_WARN_UNINITIALIZED_AUTOS = YES_AGGRESSIVE;
				GCC_WARN_UNUSED_FUNCTION = YES;
				GCC_WARN_UNUSED_VARIABLE = YES;
				IPHONEOS_DEPLOYMENT_TARGET = 9.3;
				MTL_ENABLE_DEBUG_INFO = YES;
				ONLY_ACTIVE_ARCH = YES;
				SDKROOT = iphoneos;
			};
			name = Debug;
		};
		2BFFE3351CB105990030559B /* Release */ = {
			isa = XCBuildConfiguration;
			buildSettings = {
				ALWAYS_SEARCH_USER_PATHS = NO;
				CLANG_ANALYZER_NONNULL = YES;
				CLANG_CXX_LANGUAGE_STANDARD = "gnu++0x";
				CLANG_CXX_LIBRARY = "libc++";
				CLANG_ENABLE_MODULES = YES;
				CLANG_ENABLE_OBJC_ARC = YES;
				CLANG_WARN_BOOL_CONVERSION = YES;
				CLANG_WARN_CONSTANT_CONVERSION = YES;
				CLANG_WARN_DIRECT_OBJC_ISA_USAGE = YES_ERROR;
				CLANG_WARN_EMPTY_BODY = YES;
				CLANG_WARN_ENUM_CONVERSION = YES;
				CLANG_WARN_INT_CONVERSION = YES;
				CLANG_WARN_OBJC_ROOT_CLASS = YES_ERROR;
				CLANG_WARN_UNREACHABLE_CODE = YES;
				CLANG_WARN__DUPLICATE_METHOD_MATCH = YES;
				"CODE_SIGN_IDENTITY[sdk=iphoneos*]" = "iPhone Developer";
				COPY_PHASE_STRIP = NO;
				DEBUG_INFORMATION_FORMAT = "dwarf-with-dsym";
				ENABLE_NS_ASSERTIONS = NO;
				ENABLE_STRICT_OBJC_MSGSEND = YES;
				GCC_C_LANGUAGE_STANDARD = gnu99;
				GCC_NO_COMMON_BLOCKS = YES;
				GCC_WARN_64_TO_32_BIT_CONVERSION = YES;
				GCC_WARN_ABOUT_RETURN_TYPE = YES_ERROR;
				GCC_WARN_UNDECLARED_SELECTOR = YES;
				GCC_WARN_UNINITIALIZED_AUTOS = YES_AGGRESSIVE;
				GCC_WARN_UNUSED_FUNCTION = YES;
				GCC_WARN_UNUSED_VARIABLE = YES;
				IPHONEOS_DEPLOYMENT_TARGET = 9.3;
				MTL_ENABLE_DEBUG_INFO = NO;
				SDKROOT = iphoneos;
				VALIDATE_PRODUCT = YES;
			};
			name = Release;
		};
		2BFFE3371CB105990030559B /* Debug */ = {
			isa = XCBuildConfiguration;
			buildSettings = {
				ASSETCATALOG_COMPILER_APPICON_NAME = AppIcon;
				INFOPLIST_FILE = "OpenCV-HelloWorld/Info.plist";
				LD_RUNPATH_SEARCH_PATHS = "$(inherited) @executable_path/Frameworks";
				PRODUCT_BUNDLE_IDENTIFIER = "com.example.OpenCV-HelloWorld";
				PRODUCT_NAME = "$(TARGET_NAME)";
			};
			name = Debug;
		};
		2BFFE3381CB105990030559B /* Release */ = {
			isa = XCBuildConfiguration;
			buildSettings = {
				ASSETCATALOG_COMPILER_APPICON_NAME = AppIcon;
				INFOPLIST_FILE = "OpenCV-HelloWorld/Info.plist";
				LD_RUNPATH_SEARCH_PATHS = "$(inherited) @executable_path/Frameworks";
				PRODUCT_BUNDLE_IDENTIFIER = "com.example.OpenCV-HelloWorld";
				PRODUCT_NAME = "$(TARGET_NAME)";
			};
			name = Release;
		};
/* End XCBuildConfiguration section */

/* Begin XCConfigurationList section */
		2BFFE31A1CB105980030559B /* Build configuration list for PBXProject "OpenCV-HelloWorld" */ = {
			isa = XCConfigurationList;
			buildConfigurations = (
				2BFFE3341CB105990030559B /* Debug */,
				2BFFE3351CB105990030559B /* Release */,
			);
			defaultConfigurationIsVisible = 0;
			defaultConfigurationName = Release;
		};
		2BFFE3361CB105990030559B /* Build configuration list for PBXNativeTarget "OpenCV-HelloWorld" */ = {
			isa = XCConfigurationList;
			buildConfigurations = (
				2BFFE3371CB105990030559B /* Debug */,
				2BFFE3381CB105990030559B /* Release */,
			);
			defaultConfigurationIsVisible = 0;
		};
/* End XCConfigurationList section */
	};
	rootObject = 2BFFE3171CB105980030559B /* Project object */;
}
